
Microsoft Visual Studio Solution File, Format Version 12.00
# Visual Studio 15
VisualStudioVersion = 15.0.27703.2000
MinimumVisualStudioVersion = 10.0.40219.1
Project("{FAE04EC0-301F-11D3-BF4B-00C04F79EFBC}") = "kata-karate-chop", "kata-karate-chop\kata-karate-chop.csproj", "{9690A4C0-81D6-4270-BA4D-8996B417F22B}"
EndProject
Global
	GlobalSection(SolutionConfigurationPlatforms) = preSolution
		Debug|Any CPU = Debug|Any CPU
		Release|Any CPU = Release|Any CPU
	EndGlobalSection
	GlobalSection(ProjectConfigurationPlatforms) = postSolution
		{9690A4C0-81D6-4270-BA4D-8996B417F22B}.Debug|Any CPU.ActiveCfg = Debug|Any CPU
		{9690A4C0-81D6-4270-BA4D-8996B417F22B}.Debug|Any CPU.Build.0 = Debug|Any CPU
		{9690A4C0-81D6-4270-BA4D-8996B417F22B}.Release|Any CPU.ActiveCfg = Release|Any CPU
		{9690A4C0-81D6-4270-BA4D-8996B417F22B}.Release|Any CPU.Build.0 = Release|Any CPU
	EndGlobalSection
	GlobalSection(SolutionProperties) = preSolution
		HideSolutionNode = FALSE
	EndGlobalSection
	GlobalSection(ExtensibilityGlobals) = postSolution
		SolutionGuid = {18C737ED-9C1C-47E9-A601-2A5C45C69B7D}
	EndGlobalSection
EndGlobal
